
Microsoft Visual Studio Solution File, Format Version 12.00
# Visual Studio Version 16
VisualStudioVersion = 16.0.31112.23
MinimumVisualStudioVersion = 10.0.40219.1
Project("{9A19103F-16F7-4668-BE54-9A1E7A4F7556}") = "WebSite", "WebSite\WebSite.csproj", "{9C7FD020-6C52-4DEB-B1FC-CBD7852EA38F}"
EndProject
Global
	GlobalSection(SolutionConfigurationPlatforms) = preSolution
		Debug|Any CPU = Debug|Any CPU
		Release|Any CPU = Release|Any CPU
	EndGlobalSection
	GlobalSection(ProjectConfigurationPlatforms) = postSolution
		{9C7FD020-6C52-4DEB-B1FC-CBD7852EA38F}.Debug|Any CPU.ActiveCfg = Debug|Any CPU
		{9C7FD020-6C52-4DEB-B1FC-CBD7852EA38F}.Debug|Any CPU.Build.0 = Debug|Any CPU
		{9C7FD020-6C52-4DEB-B1FC-CBD7852EA38F}.Release|Any CPU.ActiveCfg = Release|Any CPU
		{9C7FD020-6C52-4DEB-B1FC-CBD7852EA38F}.Release|Any CPU.Build.0 = Release|Any CPU
	EndGlobalSection
	GlobalSection(SolutionProperties) = preSolution
		HideSolutionNode = FALSE
	EndGlobalSection
	GlobalSection(ExtensibilityGlobals) = postSolution
		SolutionGuid = {68FFB00D-0946-455C-876B-A1EBC2291BEE}
	EndGlobalSection
EndGlobal
